
Microsoft Visual Studio Solution File, Format Version 12.00
# Visual Studio Version 17
VisualStudioVersion = 17.8.34316.72
MinimumVisualStudioVersion = 10.0.40219.1
Project("{FAE04EC0-301F-11D3-BF4B-00C04F79EFBC}") = "Password_manager_gui_databases", "Password_manager_gui_databases.csproj", "{ACA4D587-B053-402A-BE4E-16E6C3FBEC0A}"
EndProject
Global
	GlobalSection(SolutionConfigurationPlatforms) = preSolution
		Debug|Any CPU = Debug|Any CPU
		Release|Any CPU = Release|Any CPU
	EndGlobalSection
	GlobalSection(ProjectConfigurationPlatforms) = postSolution
		{ACA4D587-B053-402A-BE4E-16E6C3FBEC0A}.Debug|Any CPU.ActiveCfg = Debug|Any CPU
		{ACA4D587-B053-402A-BE4E-16E6C3FBEC0A}.Debug|Any CPU.Build.0 = Debug|Any CPU
		{ACA4D587-B053-402A-BE4E-16E6C3FBEC0A}.Release|Any CPU.ActiveCfg = Release|Any CPU
		{ACA4D587-B053-402A-BE4E-16E6C3FBEC0A}.Release|Any CPU.Build.0 = Release|Any CPU
	EndGlobalSection
	GlobalSection(SolutionProperties) = preSolution
		HideSolutionNode = FALSE
	EndGlobalSection
	GlobalSection(ExtensibilityGlobals) = postSolution
		SolutionGuid = {B3AB40D9-8BD2-48E9-BC72-DF077DA97A29}
	EndGlobalSection
EndGlobal
