
Microsoft Visual Studio Solution File, Format Version 12.00
# Visual Studio Version 17
VisualStudioVersion = 17.8.34316.72
MinimumVisualStudioVersion = 10.0.40219.1
Project("{FAE04EC0-301F-11D3-BF4B-00C04F79EFBC}") = "Password_Manager_gui_databases", "Password_Manager_gui_databases.csproj", "{77A323E7-C319-4280-8B98-7D2EFDEDFCB1}"
EndProject
Global
	GlobalSection(SolutionConfigurationPlatforms) = preSolution
		Debug|Any CPU = Debug|Any CPU
		Release|Any CPU = Release|Any CPU
	EndGlobalSection
	GlobalSection(ProjectConfigurationPlatforms) = postSolution
		{77A323E7-C319-4280-8B98-7D2EFDEDFCB1}.Debug|Any CPU.ActiveCfg = Debug|Any CPU
		{77A323E7-C319-4280-8B98-7D2EFDEDFCB1}.Debug|Any CPU.Build.0 = Debug|Any CPU
		{77A323E7-C319-4280-8B98-7D2EFDEDFCB1}.Release|Any CPU.ActiveCfg = Release|Any CPU
		{77A323E7-C319-4280-8B98-7D2EFDEDFCB1}.Release|Any CPU.Build.0 = Release|Any CPU
	EndGlobalSection
	GlobalSection(SolutionProperties) = preSolution
		HideSolutionNode = FALSE
	EndGlobalSection
	GlobalSection(ExtensibilityGlobals) = postSolution
		SolutionGuid = {EE03C114-2861-462C-8E5C-6C89F6CE232D}
	EndGlobalSection
EndGlobal
