
Microsoft Visual Studio Solution File, Format Version 12.00
# Visual Studio Version 17
VisualStudioVersion = 17.8.34316.72
MinimumVisualStudioVersion = 10.0.40219.1
Project("{FAE04EC0-301F-11D3-BF4B-00C04F79EFBC}") = "password_manager", "password_manager.csproj", "{4C51F476-72B0-4585-BDB4-EAD195A3FCE1}"
EndProject
Global
	GlobalSection(SolutionConfigurationPlatforms) = preSolution
		Debug|Any CPU = Debug|Any CPU
		Release|Any CPU = Release|Any CPU
	EndGlobalSection
	GlobalSection(ProjectConfigurationPlatforms) = postSolution
		{4C51F476-72B0-4585-BDB4-EAD195A3FCE1}.Debug|Any CPU.ActiveCfg = Debug|Any CPU
		{4C51F476-72B0-4585-BDB4-EAD195A3FCE1}.Debug|Any CPU.Build.0 = Debug|Any CPU
		{4C51F476-72B0-4585-BDB4-EAD195A3FCE1}.Release|Any CPU.ActiveCfg = Release|Any CPU
		{4C51F476-72B0-4585-BDB4-EAD195A3FCE1}.Release|Any CPU.Build.0 = Release|Any CPU
	EndGlobalSection
	GlobalSection(SolutionProperties) = preSolution
		HideSolutionNode = FALSE
	EndGlobalSection
	GlobalSection(ExtensibilityGlobals) = postSolution
		SolutionGuid = {945F7A60-E415-435F-817C-1F1290D5B967}
	EndGlobalSection
EndGlobal
